
Microsoft Visual Studio Solution File, Format Version 12.00
# Visual Studio Version 17
VisualStudioVersion = 17.10.35027.167
MinimumVisualStudioVersion = 10.0.40219.1
Project("{2150E333-8FDC-42A3-9474-1A3956D46DE8}") = "src", "src", "{6CF6319A-B000-4EB3-B483-EF132FAF80CB}"
EndProject
Project("{2150E333-8FDC-42A3-9474-1A3956D46DE8}") = "Api", "Api", "{019D0E0D-6E39-49B8-BF29-1B9C0CF7EEBE}"
EndProject
Project("{2150E333-8FDC-42A3-9474-1A3956D46DE8}") = "Core", "Core", "{88EEBFBA-C27F-4220-88E9-4EDB4F85A035}"
EndProject
Project("{2150E333-8FDC-42A3-9474-1A3956D46DE8}") = "Infrastructer", "Infrastructer", "{1417A6D4-5996-4679-8365-251AF7E14C9F}"
EndProject
Project("{2150E333-8FDC-42A3-9474-1A3956D46DE8}") = "WebApi", "WebApi", "{79C12084-28EF-47B5-A103-4B9FD0C03E2B}"
EndProject
Project("{2150E333-8FDC-42A3-9474-1A3956D46DE8}") = "Clients", "Clients", "{C03E6C24-0B41-4ED0-ABEA-9195531B6156}"
EndProject
Project("{2150E333-8FDC-42A3-9474-1A3956D46DE8}") = "BlazorWeb", "BlazorWeb", "{8904D593-6867-4ED2-AC31-927D62780183}"
EndProject
Project("{2150E333-8FDC-42A3-9474-1A3956D46DE8}") = "Common", "Common", "{8C561DE7-D4BF-424D-9694-95C54797739F}"
EndProject
Project("{2150E333-8FDC-42A3-9474-1A3956D46DE8}") = "Projections", "Projections", "{874A4855-52A6-4D39-A9A6-6F576EEEC86D}"
EndProject
Project("{9A19103F-16F7-4668-BE54-9A1E7A4F7556}") = "BlazorSozluk.Common", "src\Common\BlazorSozluk.Common\BlazorSozluk.Common.csproj", "{6B88CA6D-BE74-4DE2-9DE7-71DC7A487D73}"
EndProject
Project("{9A19103F-16F7-4668-BE54-9A1E7A4F7556}") = "BlazorSozluk.Api.Domain", "src\Api\Core\BlazorSozluk.Api.Domain\BlazorSozluk.Api.Domain.csproj", "{743D86DE-14F0-49D9-9BA8-AC8C2BD4ED5E}"
EndProject
Project("{9A19103F-16F7-4668-BE54-9A1E7A4F7556}") = "BlazorSozluk.Application", "src\Api\Core\BlazorSozluk.Application\BlazorSozluk.Application.csproj", "{3B319465-40A3-4F33-80B9-EB892C38E5BA}"
EndProject
Project("{9A19103F-16F7-4668-BE54-9A1E7A4F7556}") = "BlazorSozluk.Infrastructer.Persistence", "src\Api\Infrastructer\BlazorSozluk.Infrastructer\BlazorSozluk.Infrastructer.Persistence.csproj", "{9C22ACAD-E7AE-48F4-AEAD-8D200866B3E1}"
EndProject
Project("{9A19103F-16F7-4668-BE54-9A1E7A4F7556}") = "BlazorSozluk.Api.WebApi", "src\Api\WebApi\BlazorSozluk.Api.WebApi\BlazorSozluk.Api.WebApi.csproj", "{A50BAA4F-C26F-43C6-A6C8-D04300A5BCDB}"
EndProject
Project("{FAE04EC0-301F-11D3-BF4B-00C04F79EFBC}") = "BlazorSozluk.Projections.FavoriteService", "src\Projections\BlazorSozluk.Projections.FavoriteService\BlazorSozluk.Projections.FavoriteService.csproj", "{436DEF90-6EE0-4F8F-B3E9-A6C67FE240D7}"
EndProject
Project("{FAE04EC0-301F-11D3-BF4B-00C04F79EFBC}") = "BlazorSozluk.Projections.UserService", "src\Projections\BlazorSozluk.Projections.UserService\BlazorSozluk.Projections.UserService.csproj", "{F025F69D-F407-4503-A569-5C1B0CC8A9FB}"
EndProject
Project("{FAE04EC0-301F-11D3-BF4B-00C04F79EFBC}") = "BlazorSozluk.Projections.VoteService", "src\Projections\BlazorSozluk.Projections.VoteService\BlazorSozluk.Projections.VoteService.csproj", "{652B3FE7-F569-4EFF-A84E-6006DDEE425D}"
EndProject
Project("{FAE04EC0-301F-11D3-BF4B-00C04F79EFBC}") = "BlazorSozluk.WebApp", "src\Clients\BlazorWeb\BlazorSozluk.WebApp\BlazorSozluk.WebApp.csproj", "{9DB1583E-983A-4B0A-99A2-0CAA0DDBA9C3}"
EndProject
Global
	GlobalSection(SolutionConfigurationPlatforms) = preSolution
		Debug|Any CPU = Debug|Any CPU
		Release|Any CPU = Release|Any CPU
	EndGlobalSection
	GlobalSection(ProjectConfigurationPlatforms) = postSolution
		{6B88CA6D-BE74-4DE2-9DE7-71DC7A487D73}.Debug|Any CPU.ActiveCfg = Debug|Any CPU
		{6B88CA6D-BE74-4DE2-9DE7-71DC7A487D73}.Debug|Any CPU.Build.0 = Debug|Any CPU
		{6B88CA6D-BE74-4DE2-9DE7-71DC7A487D73}.Release|Any CPU.ActiveCfg = Release|Any CPU
		{6B88CA6D-BE74-4DE2-9DE7-71DC7A487D73}.Release|Any CPU.Build.0 = Release|Any CPU
		{743D86DE-14F0-49D9-9BA8-AC8C2BD4ED5E}.Debug|Any CPU.ActiveCfg = Debug|Any CPU
		{743D86DE-14F0-49D9-9BA8-AC8C2BD4ED5E}.Debug|Any CPU.Build.0 = Debug|Any CPU
		{743D86DE-14F0-49D9-9BA8-AC8C2BD4ED5E}.Release|Any CPU.ActiveCfg = Release|Any CPU
		{743D86DE-14F0-49D9-9BA8-AC8C2BD4ED5E}.Release|Any CPU.Build.0 = Release|Any CPU
		{3B319465-40A3-4F33-80B9-EB892C38E5BA}.Debug|Any CPU.ActiveCfg = Debug|Any CPU
		{3B319465-40A3-4F33-80B9-EB892C38E5BA}.Debug|Any CPU.Build.0 = Debug|Any CPU
		{3B319465-40A3-4F33-80B9-EB892C38E5BA}.Release|Any CPU.ActiveCfg = Release|Any CPU
		{3B319465-40A3-4F33-80B9-EB892C38E5BA}.Release|Any CPU.Build.0 = Release|Any CPU
		{9C22ACAD-E7AE-48F4-AEAD-8D200866B3E1}.Debug|Any CPU.ActiveCfg = Debug|Any CPU
		{9C22ACAD-E7AE-48F4-AEAD-8D200866B3E1}.Debug|Any CPU.Build.0 = Debug|Any CPU
		{9C22ACAD-E7AE-48F4-AEAD-8D200866B3E1}.Release|Any CPU.ActiveCfg = Release|Any CPU
		{9C22ACAD-E7AE-48F4-AEAD-8D200866B3E1}.Release|Any CPU.Build.0 = Release|Any CPU
		{A50BAA4F-C26F-43C6-A6C8-D04300A5BCDB}.Debug|Any CPU.ActiveCfg = Debug|Any CPU
		{A50BAA4F-C26F-43C6-A6C8-D04300A5BCDB}.Debug|Any CPU.Build.0 = Debug|Any CPU
		{A50BAA4F-C26F-43C6-A6C8-D04300A5BCDB}.Release|Any CPU.ActiveCfg = Release|Any CPU
		{A50BAA4F-C26F-43C6-A6C8-D04300A5BCDB}.Release|Any CPU.Build.0 = Release|Any CPU
		{436DEF90-6EE0-4F8F-B3E9-A6C67FE240D7}.Debug|Any CPU.ActiveCfg = Debug|Any CPU
		{436DEF90-6EE0-4F8F-B3E9-A6C67FE240D7}.Debug|Any CPU.Build.0 = Debug|Any CPU
		{436DEF90-6EE0-4F8F-B3E9-A6C67FE240D7}.Release|Any CPU.ActiveCfg = Release|Any CPU
		{436DEF90-6EE0-4F8F-B3E9-A6C67FE240D7}.Release|Any CPU.Build.0 = Release|Any CPU
		{F025F69D-F407-4503-A569-5C1B0CC8A9FB}.Debug|Any CPU.ActiveCfg = Debug|Any CPU
		{F025F69D-F407-4503-A569-5C1B0CC8A9FB}.Debug|Any CPU.Build.0 = Debug|Any CPU
		{F025F69D-F407-4503-A569-5C1B0CC8A9FB}.Release|Any CPU.ActiveCfg = Release|Any CPU
		{F025F69D-F407-4503-A569-5C1B0CC8A9FB}.Release|Any CPU.Build.0 = Release|Any CPU
		{652B3FE7-F569-4EFF-A84E-6006DDEE425D}.Debug|Any CPU.ActiveCfg = Debug|Any CPU
		{652B3FE7-F569-4EFF-A84E-6006DDEE425D}.Debug|Any CPU.Build.0 = Debug|Any CPU
		{652B3FE7-F569-4EFF-A84E-6006DDEE425D}.Release|Any CPU.ActiveCfg = Release|Any CPU
		{652B3FE7-F569-4EFF-A84E-6006DDEE425D}.Release|Any CPU.Build.0 = Release|Any CPU
		{9DB1583E-983A-4B0A-99A2-0CAA0DDBA9C3}.Debug|Any CPU.ActiveCfg = Debug|Any CPU
		{9DB1583E-983A-4B0A-99A2-0CAA0DDBA9C3}.Debug|Any CPU.Build.0 = Debug|Any CPU
		{9DB1583E-983A-4B0A-99A2-0CAA0DDBA9C3}.Release|Any CPU.ActiveCfg = Release|Any CPU
		{9DB1583E-983A-4B0A-99A2-0CAA0DDBA9C3}.Release|Any CPU.Build.0 = Release|Any CPU
	EndGlobalSection
	GlobalSection(SolutionProperties) = preSolution
		HideSolutionNode = FALSE
	EndGlobalSection
	GlobalSection(NestedProjects) = preSolution
		{019D0E0D-6E39-49B8-BF29-1B9C0CF7EEBE} = {6CF6319A-B000-4EB3-B483-EF132FAF80CB}
		{88EEBFBA-C27F-4220-88E9-4EDB4F85A035} = {019D0E0D-6E39-49B8-BF29-1B9C0CF7EEBE}
		{1417A6D4-5996-4679-8365-251AF7E14C9F} = {019D0E0D-6E39-49B8-BF29-1B9C0CF7EEBE}
		{79C12084-28EF-47B5-A103-4B9FD0C03E2B} = {019D0E0D-6E39-49B8-BF29-1B9C0CF7EEBE}
		{C03E6C24-0B41-4ED0-ABEA-9195531B6156} = {6CF6319A-B000-4EB3-B483-EF132FAF80CB}
		{8904D593-6867-4ED2-AC31-927D62780183} = {C03E6C24-0B41-4ED0-ABEA-9195531B6156}
		{8C561DE7-D4BF-424D-9694-95C54797739F} = {6CF6319A-B000-4EB3-B483-EF132FAF80CB}
		{874A4855-52A6-4D39-A9A6-6F576EEEC86D} = {6CF6319A-B000-4EB3-B483-EF132FAF80CB}
		{6B88CA6D-BE74-4DE2-9DE7-71DC7A487D73} = {8C561DE7-D4BF-424D-9694-95C54797739F}
		{743D86DE-14F0-49D9-9BA8-AC8C2BD4ED5E} = {88EEBFBA-C27F-4220-88E9-4EDB4F85A035}
		{3B319465-40A3-4F33-80B9-EB892C38E5BA} = {88EEBFBA-C27F-4220-88E9-4EDB4F85A035}
		{9C22ACAD-E7AE-48F4-AEAD-8D200866B3E1} = {1417A6D4-5996-4679-8365-251AF7E14C9F}
		{A50BAA4F-C26F-43C6-A6C8-D04300A5BCDB} = {79C12084-28EF-47B5-A103-4B9FD0C03E2B}
		{436DEF90-6EE0-4F8F-B3E9-A6C67FE240D7} = {874A4855-52A6-4D39-A9A6-6F576EEEC86D}
		{F025F69D-F407-4503-A569-5C1B0CC8A9FB} = {874A4855-52A6-4D39-A9A6-6F576EEEC86D}
		{652B3FE7-F569-4EFF-A84E-6006DDEE425D} = {874A4855-52A6-4D39-A9A6-6F576EEEC86D}
		{9DB1583E-983A-4B0A-99A2-0CAA0DDBA9C3} = {8904D593-6867-4ED2-AC31-927D62780183}
	EndGlobalSection
	GlobalSection(ExtensibilityGlobals) = postSolution
		SolutionGuid = {EEB741FB-2890-4493-A78F-1BC42A612CA3}
	EndGlobalSection
EndGlobal
